
Microsoft Visual Studio Solution File, Format Version 12.00
Project("{FAE04EC0-301F-11D3-BF4B-00C04F79EFBC}") = "Portfolio.Api", "Portfolio.Api\Portfolio.Api.csproj", "{AB524D9C-E081-4B4D-8124-DEF80E932726}"
EndProject
Global
	GlobalSection(SolutionConfigurationPlatforms) = preSolution
		Debug|Any CPU = Debug|Any CPU
		Release|Any CPU = Release|Any CPU
	EndGlobalSection
	GlobalSection(ProjectConfigurationPlatforms) = postSolution
		{AB524D9C-E081-4B4D-8124-DEF80E932726}.Debug|Any CPU.ActiveCfg = Debug|Any CPU
		{AB524D9C-E081-4B4D-8124-DEF80E932726}.Debug|Any CPU.Build.0 = Debug|Any CPU
		{AB524D9C-E081-4B4D-8124-DEF80E932726}.Release|Any CPU.ActiveCfg = Release|Any CPU
		{AB524D9C-E081-4B4D-8124-DEF80E932726}.Release|Any CPU.Build.0 = Release|Any CPU
	EndGlobalSection
EndGlobal
